<Solution>
  <Configurations>
    <Platform Name="x64" />
    <Platform Name="x86" />
  </Configurations>
  <Project Path="Task_1/Task_1.vcxproj" Id="7464977f-9f3c-4dbd-8141-a9f963ac6c66" />
  <Project Path="Task_2/Task_2.vcxproj" Id="4dd58f38-ef19-41ed-8984-1629a6e14226" />
  <Project Path="Task_3/Task_3.vcxproj" Id="41ec79eb-307b-44bd-8987-b5d3aef263d7" />
</Solution>
