<Solution>
  <Configurations>
    <Platform Name="x64" />
    <Platform Name="x86" />
  </Configurations>
  <Project Path="Task_1/Task_1.vcxproj" Id="7464977f-9f3c-4dbd-8141-a9f963ac6c66" />
  <Project Path="Task_2/Task_2.vcxproj" Id="4dd58f38-ef19-41ed-8984-1629a6e14226" />
  <Project Path="Task_3/Task_3.vcxproj" Id="41ec79eb-307b-44bd-8987-b5d3aef263d7" />
  <Project Path="Task_4/Task_4.vcxproj" Id="ed930b7e-61be-4e65-a5e7-a3b6bb32da1b" />
  <Project Path="Task_5/Task_5.vcxproj" Id="a435df6d-be0f-48d9-b49c-2a3acf667f21" />
</Solution>
